// !$*UTF8*$!
{
	archiveVersion = 1;
	classes = {
	};
	objectVersion = 46;
	objects = {

/* Begin PBXBuildFile section */
		6B303F19193F4B2700E965E9 /* AppDelegate.swift in Sources */ = {isa = PBXBuildFile; fileRef = 6B303F18193F4B2700E965E9 /* AppDelegate.swift */; };
		6B303F1B193F4B2700E965E9 /* ViewController.swift in Sources */ = {isa = PBXBuildFile; fileRef = 6B303F1A193F4B2700E965E9 /* ViewController.swift */; };
		6B303F1E193F4B2700E965E9 /* Main.storyboard in Resources */ = {isa = PBXBuildFile; fileRef = 6B303F1C193F4B2700E965E9 /* Main.storyboard */; };
		6B303F20193F4B2700E965E9 /* Images.xcassets in Resources */ = {isa = PBXBuildFile; fileRef = 6B303F1F193F4B2700E965E9 /* Images.xcassets */; };
		6B303F2C193F4B2700E965E9 /* _2________Tests.swift in Sources */ = {isa = PBXBuildFile; fileRef = 6B303F2B193F4B2700E965E9 /* _2________Tests.swift */; };
/* End PBXBuildFile section */

/* Begin PBXContainerItemProxy section */
		6B303F26193F4B2700E965E9 /* PBXContainerItemProxy */ = {
			isa = PBXContainerItemProxy;
			containerPortal = 6B303F0B193F4B2700E965E9 /* Project object */;
			proxyType = 1;
			remoteGlobalIDString = 6B303F12193F4B2700E965E9;
			remoteInfo = "02-按钮的基本使用";
		};
/* End PBXContainerItemProxy section */

/* Begin PBXFileReference section */
		6B303F13193F4B2700E965E9 /* 02-按钮的基本使用.app */ = {isa = PBXFileReference; explicitFileType = wrapper.application; includeInIndex = 0; path = "02-按钮的基本使用.app"; sourceTree = BUILT_PRODUCTS_DIR; };
		6B303F17193F4B2700E965E9 /* Info.plist */ = {isa = PBXFileReference; lastKnownFileType = text.plist.xml; path = Info.plist; sourceTree = "<group>"; };
		6B303F18193F4B2700E965E9 /* AppDelegate.swift */ = {isa = PBXFileReference; lastKnownFileType = sourcecode.swift; path = AppDelegate.swift; sourceTree = "<group>"; };
		6B303F1A193F4B2700E965E9 /* ViewController.swift */ = {isa = PBXFileReference; lastKnownFileType = sourcecode.swift; path = ViewController.swift; sourceTree = "<group>"; };
		6B303F1D193F4B2700E965E9 /* Base */ = {isa = PBXFileReference; lastKnownFileType = file.storyboard; name = Base; path = Base.lproj/Main.storyboard; sourceTree = "<group>"; };
		6B303F1F193F4B2700E965E9 /* Images.xcassets */ = {isa = PBXFileReference; lastKnownFileType = folder.assetcatalog; path = Images.xcassets; sourceTree = "<group>"; };
		6B303F25193F4B2700E965E9 /* 02-按钮的基本使用Tests.xctest */ = {isa = PBXFileReference; explicitFileType = wrapper.cfbundle; includeInIndex = 0; path = "02-按钮的基本使用Tests.xctest"; sourceTree = BUILT_PRODUCTS_DIR; };
		6B303F2A193F4B2700E965E9 /* Info.plist */ = {isa = PBXFileReference; lastKnownFileType = text.plist.xml; path = Info.plist; sourceTree = "<group>"; };
		6B303F2B193F4B2700E965E9 /* _2________Tests.swift */ = {isa = PBXFileReference; lastKnownFileType = sourcecode.swift; path = "_2________Tests.swift"; sourceTree = "<group>"; };
/* End PBXFileReference section */

/* Begin PBXFrameworksBuildPhase section */
		6B303F10193F4B2700E965E9 /* Frameworks */ = {
			isa = PBXFrameworksBuildPhase;
			buildActionMask = 2147483647;
			files = (
			);
			runOnlyForDeploymentPostprocessing = 0;
		};
		6B303F22193F4B2700E965E9 /* Frameworks */ = {
			isa = PBXFrameworksBuildPhase;
			buildActionMask = 2147483647;
			files = (
			);
			runOnlyForDeploymentPostprocessing = 0;
		};
/* End PBXFrameworksBuildPhase section */

/* Begin PBXGroup section */
		6B303F0A193F4B2700E965E9 = {
			isa = PBXGroup;
			children = (
				6B303F15193F4B2700E965E9 /* 02-按钮的基本使用 */,
				6B303F28193F4B2700E965E9 /* 02-按钮的基本使用Tests */,
				6B303F14193F4B2700E965E9 /* Products */,
			);
			sourceTree = "<group>";
		};
		6B303F14193F4B2700E965E9 /* Products */ = {
			isa = PBXGroup;
			children = (
				6B303F13193F4B2700E965E9 /* 02-按钮的基本使用.app */,
				6B303F25193F4B2700E965E9 /* 02-按钮的基本使用Tests.xctest */,
			);
			name = Products;
			sourceTree = "<group>";
		};
		6B303F15193F4B2700E965E9 /* 02-按钮的基本使用 */ = {
			isa = PBXGroup;
			children = (
				6B303F18193F4B2700E965E9 /* AppDelegate.swift */,
				6B303F1A193F4B2700E965E9 /* ViewController.swift */,
				6B303F1C193F4B2700E965E9 /* Main.storyboard */,
				6B303F1F193F4B2700E965E9 /* Images.xcassets */,
				6B303F16193F4B2700E965E9 /* Supporting Files */,
			);
			path = "02-按钮的基本使用";
			sourceTree = "<group>";
		};
		6B303F16193F4B2700E965E9 /* Supporting Files */ = {
			isa = PBXGroup;
			children = (
				6B303F17193F4B2700E965E9 /* Info.plist */,
			);
			name = "Supporting Files";
			sourceTree = "<group>";
		};
		6B303F28193F4B2700E965E9 /* 02-按钮的基本使用Tests */ = {
			isa = PBXGroup;
			children = (
				6B303F2B193F4B2700E965E9 /* _2________Tests.swift */,
				6B303F29193F4B2700E965E9 /* Supporting Files */,
			);
			path = "02-按钮的基本使用Tests";
			sourceTree = "<group>";
		};
		6B303F29193F4B2700E965E9 /* Supporting Files */ = {
			isa = PBXGroup;
			children = (
				6B303F2A193F4B2700E965E9 /* Info.plist */,
			);
			name = "Supporting Files";
			sourceTree = "<group>";
		};
/* End PBXGroup section */

/* Begin PBXNativeTarget section */
		6B303F12193F4B2700E965E9 /* 02-按钮的基本使用 */ = {
			isa = PBXNativeTarget;
			buildConfigurationList = 6B303F2F193F4B2700E965E9 /* Build configuration list for PBXNativeTarget "02-按钮的基本使用" */;
			buildPhases = (
				6B303F0F193F4B2700E965E9 /* Sources */,
				6B303F10193F4B2700E965E9 /* Frameworks */,
				6B303F11193F4B2700E965E9 /* Resources */,
			);
			buildRules = (
			);
			dependencies = (
			);
			name = "02-按钮的基本使用";
			productName = "02-按钮的基本使用";
			productReference = 6B303F13193F4B2700E965E9 /* 02-按钮的基本使用.app */;
			productType = "com.apple.product-type.application";
		};
		6B303F24193F4B2700E965E9 /* 02-按钮的基本使用Tests */ = {
			isa = PBXNativeTarget;
			buildConfigurationList = 6B303F32193F4B2700E965E9 /* Build configuration list for PBXNativeTarget "02-按钮的基本使用Tests" */;
			buildPhases = (
				6B303F21193F4B2700E965E9 /* Sources */,
				6B303F22193F4B2700E965E9 /* Frameworks */,
				6B303F23193F4B2700E965E9 /* Resources */,
			);
			buildRules = (
			);
			dependencies = (
				6B303F27193F4B2700E965E9 /* PBXTargetDependency */,
			);
			name = "02-按钮的基本使用Tests";
			productName = "02-按钮的基本使用Tests";
			productReference = 6B303F25193F4B2700E965E9 /* 02-按钮的基本使用Tests.xctest */;
			productType = "com.apple.product-type.bundle.unit-test";
		};
/* End PBXNativeTarget section */

/* Begin PBXProject section */
		6B303F0B193F4B2700E965E9 /* Project object */ = {
			isa = PBXProject;
			attributes = {
				LastUpgradeCheck = 0600;
				ORGANIZATIONNAME = hongbao;
				TargetAttributes = {
					6B303F12193F4B2700E965E9 = {
						CreatedOnToolsVersion = 6.0;
					};
					6B303F24193F4B2700E965E9 = {
						CreatedOnToolsVersion = 6.0;
						TestTargetID = 6B303F12193F4B2700E965E9;
					};
				};
			};
			buildConfigurationList = 6B303F0E193F4B2700E965E9 /* Build configuration list for PBXProject "02-按钮的基本使用" */;
			compatibilityVersion = "Xcode 3.2";
			developmentRegion = English;
			hasScannedForEncodings = 0;
			knownRegions = (
				en,
				Base,
			);
			mainGroup = 6B303F0A193F4B2700E965E9;
			productRefGroup = 6B303F14193F4B2700E965E9 /* Products */;
			projectDirPath = "";
			projectRoot = "";
			targets = (
				6B303F12193F4B2700E965E9 /* 02-按钮的基本使用 */,
				6B303F24193F4B2700E965E9 /* 02-按钮的基本使用Tests */,
			);
		};
/* End PBXProject section */

/* Begin PBXResourcesBuildPhase section */
		6B303F11193F4B2700E965E9 /* Resources */ = {
			isa = PBXResourcesBuildPhase;
			buildActionMask = 2147483647;
			files = (
				6B303F1E193F4B2700E965E9 /* Main.storyboard in Resources */,
				6B303F20193F4B2700E965E9 /* Images.xcassets in Resources */,
			);
			runOnlyForDeploymentPostprocessing = 0;
		};
		6B303F23193F4B2700E965E9 /* Resources */ = {
			isa = PBXResourcesBuildPhase;
			buildActionMask = 2147483647;
			files = (
			);
			runOnlyForDeploymentPostprocessing = 0;
		};
/* End PBXResourcesBuildPhase section */

/* Begin PBXSourcesBuildPhase section */
		6B303F0F193F4B2700E965E9 /* Sources */ = {
			isa = PBXSourcesBuildPhase;
			buildActionMask = 2147483647;
			files = (
				6B303F1B193F4B2700E965E9 /* ViewController.swift in Sources */,
				6B303F19193F4B2700E965E9 /* AppDelegate.swift in Sources */,
			);
			runOnlyForDeploymentPostprocessing = 0;
		};
		6B303F21193F4B2700E965E9 /* Sources */ = {
			isa = PBXSourcesBuildPhase;
			buildActionMask = 2147483647;
			files = (
				6B303F2C193F4B2700E965E9 /* _2________Tests.swift in Sources */,
			);
			runOnlyForDeploymentPostprocessing = 0;
		};
/* End PBXSourcesBuildPhase section */

/* Begin PBXTargetDependency section */
		6B303F27193F4B2700E965E9 /* PBXTargetDependency */ = {
			isa = PBXTargetDependency;
			target = 6B303F12193F4B2700E965E9 /* 02-按钮的基本使用 */;
			targetProxy = 6B303F26193F4B2700E965E9 /* PBXContainerItemProxy */;
		};
/* End PBXTargetDependency section */

/* Begin PBXVariantGroup section */
		6B303F1C193F4B2700E965E9 /* Main.storyboard */ = {
			isa = PBXVariantGroup;
			children = (
				6B303F1D193F4B2700E965E9 /* Base */,
			);
			name = Main.storyboard;
			sourceTree = "<group>";
		};
/* End PBXVariantGroup section */

/* Begin XCBuildConfiguration section */
		6B303F2D193F4B2700E965E9 /* Debug */ = {
			isa = XCBuildConfiguration;
			buildSettings = {
				ALWAYS_SEARCH_USER_PATHS = NO;
				CLANG_CXX_LANGUAGE_STANDARD = "gnu++0x";
				CLANG_CXX_LIBRARY = "libc++";
				CLANG_ENABLE_MODULES = YES;
				CLANG_ENABLE_OBJC_ARC = YES;
				CLANG_WARN_BOOL_CONVERSION = YES;
				CLANG_WARN_CONSTANT_CONVERSION = YES;
				CLANG_WARN_DIRECT_OBJC_ISA_USAGE = YES_ERROR;
				CLANG_WARN_EMPTY_BODY = YES;
				CLANG_WARN_ENUM_CONVERSION = YES;
				CLANG_WARN_INT_CONVERSION = YES;
				CLANG_WARN_OBJC_ROOT_CLASS = YES_ERROR;
				CLANG_WARN_UNREACHABLE_CODE = YES;
				CLANG_WARN__DUPLICATE_METHOD_MATCH = YES;
				"CODE_SIGN_IDENTITY[sdk=iphoneos*]" = "iPhone Developer";
				COPY_PHASE_STRIP = NO;
				ENABLE_STRICT_OBJC_MSGSEND = YES;
				GCC_C_LANGUAGE_STANDARD = gnu99;
				GCC_DYNAMIC_NO_PIC = NO;
				GCC_OPTIMIZATION_LEVEL = 0;
				GCC_PREPROCESSOR_DEFINITIONS = (
					"DEBUG=1",
					"$(inherited)",
				);
				GCC_SYMBOLS_PRIVATE_EXTERN = NO;
				GCC_WARN_64_TO_32_BIT_CONVERSION = YES;
				GCC_WARN_ABOUT_RETURN_TYPE = YES_ERROR;
				GCC_WARN_UNDECLARED_SELECTOR = YES;
				GCC_WARN_UNINITIALIZED_AUTOS = YES_AGGRESSIVE;
				GCC_WARN_UNUSED_FUNCTION = YES;
				GCC_WARN_UNUSED_VARIABLE = YES;
				IPHONEOS_DEPLOYMENT_TARGET = 8.0;
				METAL_ENABLE_DEBUG_INFO = YES;
				ONLY_ACTIVE_ARCH = YES;
				SDKROOT = iphoneos;
				SWIFT_OPTIMIZATION_LEVEL = "-Onone";
			};
			name = Debug;
		};
		6B303F2E193F4B2700E965E9 /* Release */ = {
			isa = XCBuildConfiguration;
			buildSettings = {
				ALWAYS_SEARCH_USER_PATHS = NO;
				CLANG_CXX_LANGUAGE_STANDARD = "gnu++0x";
				CLANG_CXX_LIBRARY = "libc++";
				CLANG_ENABLE_MODULES = YES;
				CLANG_ENABLE_OBJC_ARC = YES;
				CLANG_WARN_BOOL_CONVERSION = YES;
				CLANG_WARN_CONSTANT_CONVERSION = YES;
				CLANG_WARN_DIRECT_OBJC_ISA_USAGE = YES_ERROR;
				CLANG_WARN_EMPTY_BODY = YES;
				CLANG_WARN_ENUM_CONVERSION = YES;
				CLANG_WARN_INT_CONVERSION = YES;
				CLANG_WARN_OBJC_ROOT_CLASS = YES_ERROR;
				CLANG_WARN_UNREACHABLE_CODE = YES;
				CLANG_WARN__DUPLICATE_METHOD_MATCH = YES;
				"CODE_SIGN_IDENTITY[sdk=iphoneos*]" = "iPhone Developer";
				COPY_PHASE_STRIP = YES;
				ENABLE_NS_ASSERTIONS = NO;
				ENABLE_STRICT_OBJC_MSGSEND = YES;
				GCC_C_LANGUAGE_STANDARD = gnu99;
				GCC_WARN_64_TO_32_BIT_CONVERSION = YES;
				GCC_WARN_ABOUT_RETURN_TYPE = YES_ERROR;
				GCC_WARN_UNDECLARED_SELECTOR = YES;
				GCC_WARN_UNINITIALIZED_AUTOS = YES_AGGRESSIVE;
				GCC_WARN_UNUSED_FUNCTION = YES;
				GCC_WARN_UNUSED_VARIABLE = YES;
				IPHONEOS_DEPLOYMENT_TARGET = 8.0;
				METAL_ENABLE_DEBUG_INFO = NO;
				SDKROOT = iphoneos;
				VALIDATE_PRODUCT = YES;
			};
			name = Release;
		};
		6B303F30193F4B2700E965E9 /* Debug */ = {
			isa = XCBuildConfiguration;
			buildSettings = {
				ASSETCATALOG_COMPILER_APPICON_NAME = AppIcon;
				ASSETCATALOG_COMPILER_LAUNCHIMAGE_NAME = LaunchImage;
				INFOPLIST_FILE = "02-按钮的基本使用/Info.plist";
				LD_RUNPATH_SEARCH_PATHS = "$(inherited) @executable_path/Frameworks";
				PRODUCT_NAME = "$(TARGET_NAME)";
			};
			name = Debug;
		};
		6B303F31193F4B2700E965E9 /* Release */ = {
			isa = XCBuildConfiguration;
			buildSettings = {
				ASSETCATALOG_COMPILER_APPICON_NAME = AppIcon;
				ASSETCATALOG_COMPILER_LAUNCHIMAGE_NAME = LaunchImage;
				INFOPLIST_FILE = "02-按钮的基本使用/Info.plist";
				LD_RUNPATH_SEARCH_PATHS = "$(inherited) @executable_path/Frameworks";
				PRODUCT_NAME = "$(TARGET_NAME)";
			};
			name = Release;
		};
		6B303F33193F4B2700E965E9 /* Debug */ = {
			isa = XCBuildConfiguration;
			buildSettings = {
				BUNDLE_LOADER = "$(BUILT_PRODUCTS_DIR)/02-按钮的基本使用.app/02-按钮的基本使用";
				FRAMEWORK_SEARCH_PATHS = (
					"$(SDKROOT)/Developer/Library/Frameworks",
					"$(inherited)",
				);
				GCC_PREPROCESSOR_DEFINITIONS = (
					"DEBUG=1",
					"$(inherited)",
				);
				INFOPLIST_FILE = "02-按钮的基本使用Tests/Info.plist";
				LD_RUNPATH_SEARCH_PATHS = "$(inherited) @executable_path/Frameworks @loader_path/Frameworks";
				METAL_ENABLE_DEBUG_INFO = YES;
				PRODUCT_NAME = "$(TARGET_NAME)";
				TEST_HOST = "$(BUNDLE_LOADER)";
			};
			name = Debug;
		};
		6B303F34193F4B2700E965E9 /* Release */ = {
			isa = XCBuildConfiguration;
			buildSettings = {
				BUNDLE_LOADER = "$(BUILT_PRODUCTS_DIR)/02-按钮的基本使用.app/02-按钮的基本使用";
				FRAMEWORK_SEARCH_PATHS = (
					"$(SDKROOT)/Developer/Library/Frameworks",
					"$(inherited)",
				);
				INFOPLIST_FILE = "02-按钮的基本使用Tests/Info.plist";
				LD_RUNPATH_SEARCH_PATHS = "$(inherited) @executable_path/Frameworks @loader_path/Frameworks";
				METAL_ENABLE_DEBUG_INFO = NO;
				PRODUCT_NAME = "$(TARGET_NAME)";
				TEST_HOST = "$(BUNDLE_LOADER)";
			};
			name = Release;
		};
/* End XCBuildConfiguration section */

/* Begin XCConfigurationList section */
		6B303F0E193F4B2700E965E9 /* Build configuration list for PBXProject "02-按钮的基本使用" */ = {
			isa = XCConfigurationList;
			buildConfigurations = (
				6B303F2D193F4B2700E965E9 /* Debug */,
				6B303F2E193F4B2700E965E9 /* Release */,
			);
			defaultConfigurationIsVisible = 0;
			defaultConfigurationName = Release;
		};
		6B303F2F193F4B2700E965E9 /* Build configuration list for PBXNativeTarget "02-按钮的基本使用" */ = {
			isa = XCConfigurationList;
			buildConfigurations = (
				6B303F30193F4B2700E965E9 /* Debug */,
				6B303F31193F4B2700E965E9 /* Release */,
			);
			defaultConfigurationIsVisible = 0;
		};
		6B303F32193F4B2700E965E9 /* Build configuration list for PBXNativeTarget "02-按钮的基本使用Tests" */ = {
			isa = XCConfigurationList;
			buildConfigurations = (
				6B303F33193F4B2700E965E9 /* Debug */,
				6B303F34193F4B2700E965E9 /* Release */,
			);
			defaultConfigurationIsVisible = 0;
		};
/* End XCConfigurationList section */
	};
	rootObject = 6B303F0B193F4B2700E965E9 /* Project object */;
}
